
Microsoft Visual Studio Solution File, Format Version 12.00
# Visual Studio 15
VisualStudioVersion = 15.0.28307.329
MinimumVisualStudioVersion = 10.0.40219.1
Project("{FAE04EC0-301F-11D3-BF4B-00C04F79EFBC}") = "VuelingPoo", "VuelingPoo\VuelingPoo.csproj", "{A405416A-BAE4-42D8-9533-ADA4DCA3FB41}"
EndProject
Project("{2150E333-8FDC-42A3-9474-1A3956D46DE8}") = "Formacion", "Formacion", "{55BC9205-0E2E-4D23-9075-AAD716AB9F2C}"
EndProject
Project("{FAE04EC0-301F-11D3-BF4B-00C04F79EFBC}") = "VuelingPooIntegrationTests", "VuelingPooIntegrationTests\VuelingPooIntegrationTests.csproj", "{63A68FBB-AC9E-42A0-935A-16FCF1A4FDA3}"
EndProject
Project("{FAE04EC0-301F-11D3-BF4B-00C04F79EFBC}") = "PooVueling.NUnit.Integration.Test", "PooVueling.NUnit.Integration.Test\PooVueling.NUnit.Integration.Test.csproj", "{FC9F46FF-A7DD-4583-8E1E-596C15F586ED}"
EndProject
Global
	GlobalSection(SolutionConfigurationPlatforms) = preSolution
		Debug|Any CPU = Debug|Any CPU
		Release|Any CPU = Release|Any CPU
	EndGlobalSection
	GlobalSection(ProjectConfigurationPlatforms) = postSolution
		{A405416A-BAE4-42D8-9533-ADA4DCA3FB41}.Debug|Any CPU.ActiveCfg = Debug|Any CPU
		{A405416A-BAE4-42D8-9533-ADA4DCA3FB41}.Debug|Any CPU.Build.0 = Debug|Any CPU
		{A405416A-BAE4-42D8-9533-ADA4DCA3FB41}.Release|Any CPU.ActiveCfg = Release|Any CPU
		{A405416A-BAE4-42D8-9533-ADA4DCA3FB41}.Release|Any CPU.Build.0 = Release|Any CPU
		{63A68FBB-AC9E-42A0-935A-16FCF1A4FDA3}.Debug|Any CPU.ActiveCfg = Debug|Any CPU
		{63A68FBB-AC9E-42A0-935A-16FCF1A4FDA3}.Debug|Any CPU.Build.0 = Debug|Any CPU
		{63A68FBB-AC9E-42A0-935A-16FCF1A4FDA3}.Release|Any CPU.ActiveCfg = Release|Any CPU
		{63A68FBB-AC9E-42A0-935A-16FCF1A4FDA3}.Release|Any CPU.Build.0 = Release|Any CPU
		{FC9F46FF-A7DD-4583-8E1E-596C15F586ED}.Debug|Any CPU.ActiveCfg = Debug|Any CPU
		{FC9F46FF-A7DD-4583-8E1E-596C15F586ED}.Debug|Any CPU.Build.0 = Debug|Any CPU
		{FC9F46FF-A7DD-4583-8E1E-596C15F586ED}.Release|Any CPU.ActiveCfg = Release|Any CPU
		{FC9F46FF-A7DD-4583-8E1E-596C15F586ED}.Release|Any CPU.Build.0 = Release|Any CPU
	EndGlobalSection
	GlobalSection(SolutionProperties) = preSolution
		HideSolutionNode = FALSE
	EndGlobalSection
	GlobalSection(NestedProjects) = preSolution
		{A405416A-BAE4-42D8-9533-ADA4DCA3FB41} = {55BC9205-0E2E-4D23-9075-AAD716AB9F2C}
		{63A68FBB-AC9E-42A0-935A-16FCF1A4FDA3} = {55BC9205-0E2E-4D23-9075-AAD716AB9F2C}
		{FC9F46FF-A7DD-4583-8E1E-596C15F586ED} = {55BC9205-0E2E-4D23-9075-AAD716AB9F2C}
	EndGlobalSection
	GlobalSection(ExtensibilityGlobals) = postSolution
		SolutionGuid = {C218A9BB-668D-47E0-AFE6-0F31C9DFA6E0}
	EndGlobalSection
EndGlobal
